{
  "name": "schola-backend",
  "version": "1.0.0",
  "lockfileVersion": 1,
  "requires": true,
  "dependencies": {
    "@socialgouv/jours-feries": {
      "version": "2.0.0",
      "resolved": "https://registry.npmjs.org/@socialgouv/jours-feries/-/jours-feries-2.0.0.tgz",
      "integrity": "sha512-hpXF79MFtKy6D8X7Sd3P9oCk9kahu6ol51zLXQSzLX7zVzNi0ysCQFaCXnfzCPjEnGldNNZA7F1rMNeBzU2v/A=="
    }
  }
}
